
Microsoft Visual Studio Solution File, Format Version 12.00
# Visual Studio Version 17
VisualStudioVersion = 17.14.36623.8 d17.14
MinimumVisualStudioVersion = 10.0.40219.1
Project("{FAE04EC0-301F-11D3-BF4B-00C04F79EFBC}") = "personapi-dotnet", "personapi-dotnet\personapi-dotnet.csproj", "{186B7593-C00B-4D36-8A72-EA7EDC7DEF50}"
EndProject
Global
	GlobalSection(SolutionConfigurationPlatforms) = preSolution
		Debug|Any CPU = Debug|Any CPU
		Release|Any CPU = Release|Any CPU
	EndGlobalSection
	GlobalSection(ProjectConfigurationPlatforms) = postSolution
		{186B7593-C00B-4D36-8A72-EA7EDC7DEF50}.Debug|Any CPU.ActiveCfg = Debug|Any CPU
		{186B7593-C00B-4D36-8A72-EA7EDC7DEF50}.Debug|Any CPU.Build.0 = Debug|Any CPU
		{186B7593-C00B-4D36-8A72-EA7EDC7DEF50}.Release|Any CPU.ActiveCfg = Release|Any CPU
		{186B7593-C00B-4D36-8A72-EA7EDC7DEF50}.Release|Any CPU.Build.0 = Release|Any CPU
	EndGlobalSection
	GlobalSection(SolutionProperties) = preSolution
		HideSolutionNode = FALSE
	EndGlobalSection
	GlobalSection(ExtensibilityGlobals) = postSolution
		SolutionGuid = {02E77F0A-00D7-456C-BE50-EE17DB8E5272}
	EndGlobalSection
EndGlobal
